{"name":"axiom-assist-bot","version":"1.0.0","lockfileVersion":2,"requires":true,"packages":{"": {"name":"axiom-assist-bot","version":"1.0.0","license":"ISC","dependencies":{"@pinecone-database/pinecone":"^2.2.2","@langchain/core":"^0.2.36","langchain":"^0.2.20","dotenv":"^16.6.1","fast-glob":"^3.3.3"}}}}
